
Microsoft Visual Studio Solution File, Format Version 12.00
# Visual Studio Version 16
VisualStudioVersion = 16.0.31515.178
MinimumVisualStudioVersion = 10.0.40219.1
Project("{FAE04EC0-301F-11D3-BF4B-00C04F79EFBC}") = "ContactlessOrder.Api", "ContactlessOrder.Api\ContactlessOrder.Api.csproj", "{AC8C33CB-06A1-4A0E-B887-375A276FF65A}"
EndProject
Project("{FAE04EC0-301F-11D3-BF4B-00C04F79EFBC}") = "ContactlessOrder.BLL", "ContactlessOrder.BLL\ContactlessOrder.BLL.csproj", "{654E007A-1618-4C29-815D-063A1E5AFD71}"
EndProject
Project("{FAE04EC0-301F-11D3-BF4B-00C04F79EFBC}") = "ContactlessOrder.DAL", "ContactlessOrder.DAL\ContactlessOrder.DAL.csproj", "{093CA799-E644-4417-B40D-A8DAF6D054B1}"
EndProject
Project("{FAE04EC0-301F-11D3-BF4B-00C04F79EFBC}") = "ContactlessOrder.Common", "ContactlessOrder.Common\ContactlessOrder.Common.csproj", "{1F618034-F2CA-4327-A6CC-109D030B0090}"
EndProject
Global
	GlobalSection(SolutionConfigurationPlatforms) = preSolution
		Debug|Any CPU = Debug|Any CPU
		Release|Any CPU = Release|Any CPU
	EndGlobalSection
	GlobalSection(ProjectConfigurationPlatforms) = postSolution
		{AC8C33CB-06A1-4A0E-B887-375A276FF65A}.Debug|Any CPU.ActiveCfg = Debug|Any CPU
		{AC8C33CB-06A1-4A0E-B887-375A276FF65A}.Debug|Any CPU.Build.0 = Debug|Any CPU
		{AC8C33CB-06A1-4A0E-B887-375A276FF65A}.Release|Any CPU.ActiveCfg = Release|Any CPU
		{AC8C33CB-06A1-4A0E-B887-375A276FF65A}.Release|Any CPU.Build.0 = Release|Any CPU
		{654E007A-1618-4C29-815D-063A1E5AFD71}.Debug|Any CPU.ActiveCfg = Debug|Any CPU
		{654E007A-1618-4C29-815D-063A1E5AFD71}.Debug|Any CPU.Build.0 = Debug|Any CPU
		{654E007A-1618-4C29-815D-063A1E5AFD71}.Release|Any CPU.ActiveCfg = Release|Any CPU
		{654E007A-1618-4C29-815D-063A1E5AFD71}.Release|Any CPU.Build.0 = Release|Any CPU
		{093CA799-E644-4417-B40D-A8DAF6D054B1}.Debug|Any CPU.ActiveCfg = Debug|Any CPU
		{093CA799-E644-4417-B40D-A8DAF6D054B1}.Debug|Any CPU.Build.0 = Debug|Any CPU
		{093CA799-E644-4417-B40D-A8DAF6D054B1}.Release|Any CPU.ActiveCfg = Release|Any CPU
		{093CA799-E644-4417-B40D-A8DAF6D054B1}.Release|Any CPU.Build.0 = Release|Any CPU
		{1F618034-F2CA-4327-A6CC-109D030B0090}.Debug|Any CPU.ActiveCfg = Debug|Any CPU
		{1F618034-F2CA-4327-A6CC-109D030B0090}.Debug|Any CPU.Build.0 = Debug|Any CPU
		{1F618034-F2CA-4327-A6CC-109D030B0090}.Release|Any CPU.ActiveCfg = Release|Any CPU
		{1F618034-F2CA-4327-A6CC-109D030B0090}.Release|Any CPU.Build.0 = Release|Any CPU
	EndGlobalSection
	GlobalSection(SolutionProperties) = preSolution
		HideSolutionNode = FALSE
	EndGlobalSection
	GlobalSection(ExtensibilityGlobals) = postSolution
		SolutionGuid = {9126F41C-86A7-4CA9-A758-2F30B61C4510}
	EndGlobalSection
EndGlobal
